
Microsoft Visual Studio Solution File, Format Version 12.00
# Visual Studio 2013
VisualStudioVersion = 12.0.30723.0
MinimumVisualStudioVersion = 10.0.40219.1
Project("{FAE04EC0-301F-11D3-BF4B-00C04F79EFBC}") = "AlwaysMoveForward.PointChart.Web", "PointChart\Web\AlwaysMoveForward.PointChart.Web.csproj", "{DBEE9441-585A-421C-A3C1-1540A54C00A9}"
EndProject
Project("{FAE04EC0-301F-11D3-BF4B-00C04F79EFBC}") = "AlwaysMoveForward.PointChart.Common", "PointChart\Common\AlwaysMoveForward.PointChart.Common.csproj", "{7B1C1C6E-C564-4B1D-9C1F-6317CBD3474A}"
EndProject
Project("{FAE04EC0-301F-11D3-BF4B-00C04F79EFBC}") = "AlwaysMoveForward.PointChart.DataLayer", "PointChart\DataLayer\AlwaysMoveForward.PointChart.DataLayer.csproj", "{0A24FA2F-BE5C-4FAB-B16F-768D3FCB7143}"
EndProject
Project("{FAE04EC0-301F-11D3-BF4B-00C04F79EFBC}") = "AlwaysMoveForward.PointChart.BusinessLayer", "PointChart\BusinessLayer\AlwaysMoveForward.PointChart.BusinessLayer.csproj", "{0E3719EC-BCE0-4AC9-A881-7DAD7E8F63B1}"
EndProject
Project("{FAE04EC0-301F-11D3-BF4B-00C04F79EFBC}") = "AlwaysMoveForward.Common", "Common\AlwaysMoveForward.Common\AlwaysMoveForward.Common.csproj", "{600387A0-6903-47FD-AA6C-9ADF4CFE491E}"
EndProject
Project("{FAE04EC0-301F-11D3-BF4B-00C04F79EFBC}") = "AlwaysMoveForward.Common.DataLayer.NHibernate", "Common\DataLayer.NHibernate\AlwaysMoveForward.Common.DataLayer.NHibernate.csproj", "{F9803443-3ED7-4FB4-B758-5D3419983163}"
EndProject
Project("{FAE04EC0-301F-11D3-BF4B-00C04F79EFBC}") = "AlwaysMoveForward.OAuth.Client", "OAuth\Client\AlwaysMoveForward.OAuth.Client.csproj", "{A05CD4FE-F0C1-4F5D-8002-37F2FDB49538}"
EndProject
Project("{FAE04EC0-301F-11D3-BF4B-00C04F79EFBC}") = "AlwaysMoveForward.OAuth.Client.RestSharp", "OAuth\Client.RestSharp\AlwaysMoveForward.OAuth.Client.RestSharp.csproj", "{28E86E9B-61AE-4720-AE00-AEAE7F739971}"
EndProject
Global
	GlobalSection(SolutionConfigurationPlatforms) = preSolution
		Debug|Any CPU = Debug|Any CPU
		Release|Any CPU = Release|Any CPU
	EndGlobalSection
	GlobalSection(ProjectConfigurationPlatforms) = postSolution
		{DBEE9441-585A-421C-A3C1-1540A54C00A9}.Debug|Any CPU.ActiveCfg = Debug|Any CPU
		{DBEE9441-585A-421C-A3C1-1540A54C00A9}.Debug|Any CPU.Build.0 = Debug|Any CPU
		{DBEE9441-585A-421C-A3C1-1540A54C00A9}.Release|Any CPU.ActiveCfg = Release|Any CPU
		{DBEE9441-585A-421C-A3C1-1540A54C00A9}.Release|Any CPU.Build.0 = Release|Any CPU
		{7B1C1C6E-C564-4B1D-9C1F-6317CBD3474A}.Debug|Any CPU.ActiveCfg = Debug|Any CPU
		{7B1C1C6E-C564-4B1D-9C1F-6317CBD3474A}.Debug|Any CPU.Build.0 = Debug|Any CPU
		{7B1C1C6E-C564-4B1D-9C1F-6317CBD3474A}.Release|Any CPU.ActiveCfg = Release|Any CPU
		{7B1C1C6E-C564-4B1D-9C1F-6317CBD3474A}.Release|Any CPU.Build.0 = Release|Any CPU
		{0A24FA2F-BE5C-4FAB-B16F-768D3FCB7143}.Debug|Any CPU.ActiveCfg = Debug|Any CPU
		{0A24FA2F-BE5C-4FAB-B16F-768D3FCB7143}.Debug|Any CPU.Build.0 = Debug|Any CPU
		{0A24FA2F-BE5C-4FAB-B16F-768D3FCB7143}.Release|Any CPU.ActiveCfg = Release|Any CPU
		{0A24FA2F-BE5C-4FAB-B16F-768D3FCB7143}.Release|Any CPU.Build.0 = Release|Any CPU
		{0E3719EC-BCE0-4AC9-A881-7DAD7E8F63B1}.Debug|Any CPU.ActiveCfg = Debug|Any CPU
		{0E3719EC-BCE0-4AC9-A881-7DAD7E8F63B1}.Debug|Any CPU.Build.0 = Debug|Any CPU
		{0E3719EC-BCE0-4AC9-A881-7DAD7E8F63B1}.Release|Any CPU.ActiveCfg = Release|Any CPU
		{0E3719EC-BCE0-4AC9-A881-7DAD7E8F63B1}.Release|Any CPU.Build.0 = Release|Any CPU
		{600387A0-6903-47FD-AA6C-9ADF4CFE491E}.Debug|Any CPU.ActiveCfg = Debug|Any CPU
		{600387A0-6903-47FD-AA6C-9ADF4CFE491E}.Debug|Any CPU.Build.0 = Debug|Any CPU
		{600387A0-6903-47FD-AA6C-9ADF4CFE491E}.Release|Any CPU.ActiveCfg = Release|Any CPU
		{600387A0-6903-47FD-AA6C-9ADF4CFE491E}.Release|Any CPU.Build.0 = Release|Any CPU
		{F9803443-3ED7-4FB4-B758-5D3419983163}.Debug|Any CPU.ActiveCfg = Debug|Any CPU
		{F9803443-3ED7-4FB4-B758-5D3419983163}.Debug|Any CPU.Build.0 = Debug|Any CPU
		{F9803443-3ED7-4FB4-B758-5D3419983163}.Release|Any CPU.ActiveCfg = Release|Any CPU
		{F9803443-3ED7-4FB4-B758-5D3419983163}.Release|Any CPU.Build.0 = Release|Any CPU
		{A05CD4FE-F0C1-4F5D-8002-37F2FDB49538}.Debug|Any CPU.ActiveCfg = Debug|Any CPU
		{A05CD4FE-F0C1-4F5D-8002-37F2FDB49538}.Debug|Any CPU.Build.0 = Debug|Any CPU
		{A05CD4FE-F0C1-4F5D-8002-37F2FDB49538}.Release|Any CPU.ActiveCfg = Release|Any CPU
		{A05CD4FE-F0C1-4F5D-8002-37F2FDB49538}.Release|Any CPU.Build.0 = Release|Any CPU
		{28E86E9B-61AE-4720-AE00-AEAE7F739971}.Debug|Any CPU.ActiveCfg = Debug|Any CPU
		{28E86E9B-61AE-4720-AE00-AEAE7F739971}.Debug|Any CPU.Build.0 = Debug|Any CPU
		{28E86E9B-61AE-4720-AE00-AEAE7F739971}.Release|Any CPU.ActiveCfg = Release|Any CPU
		{28E86E9B-61AE-4720-AE00-AEAE7F739971}.Release|Any CPU.Build.0 = Release|Any CPU
	EndGlobalSection
	GlobalSection(SolutionProperties) = preSolution
		HideSolutionNode = FALSE
	EndGlobalSection
EndGlobal
