
Microsoft Visual Studio Solution File, Format Version 12.00
# Visual Studio 2013
VisualStudioVersion = 12.0.21005.1
MinimumVisualStudioVersion = 10.0.40219.1
Project("{FAE04EC0-301F-11D3-BF4B-00C04F79EFBC}") = "AlwaysMoveForward.Common", "Common\AlwaysMoveForward.Common\AlwaysMoveForward.Common.csproj", "{600387A0-6903-47FD-AA6C-9ADF4CFE491E}"
EndProject
Project("{FAE04EC0-301F-11D3-BF4B-00C04F79EFBC}") = "AlwaysMoveForward.Web", "AlwaysMoveForward.Web\AlwaysMoveForward.Web.csproj", "{CFCBB03F-8EF5-4E5D-8B63-AD0A2EA3940D}"
EndProject
Project("{FAE04EC0-301F-11D3-BF4B-00C04F79EFBC}") = "AlwaysMoveForward.AnotherBlog.Web.NHibernate", "AnotherBlog\Web\AlwaysMoveForward.AnotherBlog.Web.NHibernate.csproj", "{FFD66D18-F9AB-4156-A9D3-93F61120FC57}"
EndProject
Project("{FAE04EC0-301F-11D3-BF4B-00C04F79EFBC}") = "AlwaysMoveForward.AnotherBlog.BusinessLayer", "AnotherBlog\BusinessLayer\AlwaysMoveForward.AnotherBlog.BusinessLayer.csproj", "{378A5D90-9D1E-4317-8722-3549A4B85507}"
EndProject
Project("{FAE04EC0-301F-11D3-BF4B-00C04F79EFBC}") = "AlwaysMoveForward.AnotherBlog.DataLayer.NHibernate", "AnotherBlog\DataLayer.NHibernate\AlwaysMoveForward.AnotherBlog.DataLayer.NHibernate.csproj", "{3E70141B-6FFC-4F57-AC8F-C83C4F857E76}"
EndProject
Project("{FAE04EC0-301F-11D3-BF4B-00C04F79EFBC}") = "AlwaysMoveForward.AnotherBlog.Common", "AnotherBlog\Common\AlwaysMoveForward.AnotherBlog.Common.csproj", "{EE543152-B86A-43F0-974F-AA97DD094BFF}"
EndProject
Project("{FAE04EC0-301F-11D3-BF4B-00C04F79EFBC}") = "AlwaysMoveForward.Common.DataLayer.NHibernate", "Common\DataLayer.NHibernate\AlwaysMoveForward.Common.DataLayer.NHibernate.csproj", "{F9803443-3ED7-4FB4-B758-5D3419983163}"
EndProject
Project("{FAE04EC0-301F-11D3-BF4B-00C04F79EFBC}") = "AlwaysMoveForward.OAuth.Contracts", "OAuth\Contracts\AlwaysMoveForward.OAuth.Contracts.csproj", "{9CDF027D-56BF-47E2-ACCC-83D5C7530099}"
EndProject
Project("{FAE04EC0-301F-11D3-BF4B-00C04F79EFBC}") = "DevDefined.OAuth", "OAuth\DevDefined\DevDefined.OAuth\DevDefined.OAuth.csproj", "{61B700B6-3911-4CEF-8751-7F42CA765068}"
EndProject
Project("{FAE04EC0-301F-11D3-BF4B-00C04F79EFBC}") = "AlwaysMoveForward.OAuth.Client.DevDefined", "OAuth\Client\DevDefined\AlwaysMoveForward.OAuth.Client.DevDefined.csproj", "{9015E5BA-E12C-4393-9F97-88FEBBB7DD48}"
EndProject
Project("{FAE04EC0-301F-11D3-BF4B-00C04F79EFBC}") = "AlwaysMoveForward.OAuth.Common", "OAuth\Common\AlwaysMoveForward.OAuth.Common.csproj", "{E9C678EF-E731-41AD-8F3F-841F5E20B0F4}"
EndProject
Global
	GlobalSection(SolutionConfigurationPlatforms) = preSolution
		Debug|Any CPU = Debug|Any CPU
		Debug|Mixed Platforms = Debug|Mixed Platforms
		Debug|x86 = Debug|x86
		Release|Any CPU = Release|Any CPU
		Release|Mixed Platforms = Release|Mixed Platforms
		Release|x86 = Release|x86
	EndGlobalSection
	GlobalSection(ProjectConfigurationPlatforms) = postSolution
		{600387A0-6903-47FD-AA6C-9ADF4CFE491E}.Debug|Any CPU.ActiveCfg = Debug|Any CPU
		{600387A0-6903-47FD-AA6C-9ADF4CFE491E}.Debug|Any CPU.Build.0 = Debug|Any CPU
		{600387A0-6903-47FD-AA6C-9ADF4CFE491E}.Debug|Mixed Platforms.ActiveCfg = Debug|Any CPU
		{600387A0-6903-47FD-AA6C-9ADF4CFE491E}.Debug|Mixed Platforms.Build.0 = Debug|Any CPU
		{600387A0-6903-47FD-AA6C-9ADF4CFE491E}.Debug|x86.ActiveCfg = Debug|Any CPU
		{600387A0-6903-47FD-AA6C-9ADF4CFE491E}.Release|Any CPU.ActiveCfg = Release|Any CPU
		{600387A0-6903-47FD-AA6C-9ADF4CFE491E}.Release|Any CPU.Build.0 = Release|Any CPU
		{600387A0-6903-47FD-AA6C-9ADF4CFE491E}.Release|Mixed Platforms.ActiveCfg = Release|Any CPU
		{600387A0-6903-47FD-AA6C-9ADF4CFE491E}.Release|Mixed Platforms.Build.0 = Release|Any CPU
		{600387A0-6903-47FD-AA6C-9ADF4CFE491E}.Release|x86.ActiveCfg = Release|Any CPU
		{CFCBB03F-8EF5-4E5D-8B63-AD0A2EA3940D}.Debug|Any CPU.ActiveCfg = Debug|Any CPU
		{CFCBB03F-8EF5-4E5D-8B63-AD0A2EA3940D}.Debug|Any CPU.Build.0 = Debug|Any CPU
		{CFCBB03F-8EF5-4E5D-8B63-AD0A2EA3940D}.Debug|Mixed Platforms.ActiveCfg = Debug|Any CPU
		{CFCBB03F-8EF5-4E5D-8B63-AD0A2EA3940D}.Debug|Mixed Platforms.Build.0 = Debug|Any CPU
		{CFCBB03F-8EF5-4E5D-8B63-AD0A2EA3940D}.Debug|x86.ActiveCfg = Debug|Any CPU
		{CFCBB03F-8EF5-4E5D-8B63-AD0A2EA3940D}.Release|Any CPU.ActiveCfg = Release|Any CPU
		{CFCBB03F-8EF5-4E5D-8B63-AD0A2EA3940D}.Release|Any CPU.Build.0 = Release|Any CPU
		{CFCBB03F-8EF5-4E5D-8B63-AD0A2EA3940D}.Release|Mixed Platforms.ActiveCfg = Release|Any CPU
		{CFCBB03F-8EF5-4E5D-8B63-AD0A2EA3940D}.Release|Mixed Platforms.Build.0 = Release|Any CPU
		{CFCBB03F-8EF5-4E5D-8B63-AD0A2EA3940D}.Release|x86.ActiveCfg = Release|Any CPU
		{FFD66D18-F9AB-4156-A9D3-93F61120FC57}.Debug|Any CPU.ActiveCfg = Debug|Any CPU
		{FFD66D18-F9AB-4156-A9D3-93F61120FC57}.Debug|Any CPU.Build.0 = Debug|Any CPU
		{FFD66D18-F9AB-4156-A9D3-93F61120FC57}.Debug|Mixed Platforms.ActiveCfg = Debug|Any CPU
		{FFD66D18-F9AB-4156-A9D3-93F61120FC57}.Debug|Mixed Platforms.Build.0 = Debug|Any CPU
		{FFD66D18-F9AB-4156-A9D3-93F61120FC57}.Debug|x86.ActiveCfg = Debug|Any CPU
		{FFD66D18-F9AB-4156-A9D3-93F61120FC57}.Release|Any CPU.ActiveCfg = Release|Any CPU
		{FFD66D18-F9AB-4156-A9D3-93F61120FC57}.Release|Any CPU.Build.0 = Release|Any CPU
		{FFD66D18-F9AB-4156-A9D3-93F61120FC57}.Release|Mixed Platforms.ActiveCfg = Release|Any CPU
		{FFD66D18-F9AB-4156-A9D3-93F61120FC57}.Release|Mixed Platforms.Build.0 = Release|Any CPU
		{FFD66D18-F9AB-4156-A9D3-93F61120FC57}.Release|x86.ActiveCfg = Release|Any CPU
		{378A5D90-9D1E-4317-8722-3549A4B85507}.Debug|Any CPU.ActiveCfg = Debug|Any CPU
		{378A5D90-9D1E-4317-8722-3549A4B85507}.Debug|Any CPU.Build.0 = Debug|Any CPU
		{378A5D90-9D1E-4317-8722-3549A4B85507}.Debug|Mixed Platforms.ActiveCfg = Debug|Any CPU
		{378A5D90-9D1E-4317-8722-3549A4B85507}.Debug|Mixed Platforms.Build.0 = Debug|Any CPU
		{378A5D90-9D1E-4317-8722-3549A4B85507}.Debug|x86.ActiveCfg = Debug|Any CPU
		{378A5D90-9D1E-4317-8722-3549A4B85507}.Release|Any CPU.ActiveCfg = Release|Any CPU
		{378A5D90-9D1E-4317-8722-3549A4B85507}.Release|Any CPU.Build.0 = Release|Any CPU
		{378A5D90-9D1E-4317-8722-3549A4B85507}.Release|Mixed Platforms.ActiveCfg = Release|Any CPU
		{378A5D90-9D1E-4317-8722-3549A4B85507}.Release|Mixed Platforms.Build.0 = Release|Any CPU
		{378A5D90-9D1E-4317-8722-3549A4B85507}.Release|x86.ActiveCfg = Release|Any CPU
		{3E70141B-6FFC-4F57-AC8F-C83C4F857E76}.Debug|Any CPU.ActiveCfg = Debug|Any CPU
		{3E70141B-6FFC-4F57-AC8F-C83C4F857E76}.Debug|Any CPU.Build.0 = Debug|Any CPU
		{3E70141B-6FFC-4F57-AC8F-C83C4F857E76}.Debug|Mixed Platforms.ActiveCfg = Debug|Any CPU
		{3E70141B-6FFC-4F57-AC8F-C83C4F857E76}.Debug|Mixed Platforms.Build.0 = Debug|Any CPU
		{3E70141B-6FFC-4F57-AC8F-C83C4F857E76}.Debug|x86.ActiveCfg = Debug|Any CPU
		{3E70141B-6FFC-4F57-AC8F-C83C4F857E76}.Release|Any CPU.ActiveCfg = Release|Any CPU
		{3E70141B-6FFC-4F57-AC8F-C83C4F857E76}.Release|Any CPU.Build.0 = Release|Any CPU
		{3E70141B-6FFC-4F57-AC8F-C83C4F857E76}.Release|Mixed Platforms.ActiveCfg = Release|Any CPU
		{3E70141B-6FFC-4F57-AC8F-C83C4F857E76}.Release|Mixed Platforms.Build.0 = Release|Any CPU
		{3E70141B-6FFC-4F57-AC8F-C83C4F857E76}.Release|x86.ActiveCfg = Release|Any CPU
		{EE543152-B86A-43F0-974F-AA97DD094BFF}.Debug|Any CPU.ActiveCfg = Debug|Any CPU
		{EE543152-B86A-43F0-974F-AA97DD094BFF}.Debug|Any CPU.Build.0 = Debug|Any CPU
		{EE543152-B86A-43F0-974F-AA97DD094BFF}.Debug|Mixed Platforms.ActiveCfg = Debug|Any CPU
		{EE543152-B86A-43F0-974F-AA97DD094BFF}.Debug|Mixed Platforms.Build.0 = Debug|Any CPU
		{EE543152-B86A-43F0-974F-AA97DD094BFF}.Debug|x86.ActiveCfg = Debug|Any CPU
		{EE543152-B86A-43F0-974F-AA97DD094BFF}.Release|Any CPU.ActiveCfg = Release|Any CPU
		{EE543152-B86A-43F0-974F-AA97DD094BFF}.Release|Any CPU.Build.0 = Release|Any CPU
		{EE543152-B86A-43F0-974F-AA97DD094BFF}.Release|Mixed Platforms.ActiveCfg = Release|Any CPU
		{EE543152-B86A-43F0-974F-AA97DD094BFF}.Release|Mixed Platforms.Build.0 = Release|Any CPU
		{EE543152-B86A-43F0-974F-AA97DD094BFF}.Release|x86.ActiveCfg = Release|Any CPU
		{F9803443-3ED7-4FB4-B758-5D3419983163}.Debug|Any CPU.ActiveCfg = Debug|Any CPU
		{F9803443-3ED7-4FB4-B758-5D3419983163}.Debug|Any CPU.Build.0 = Debug|Any CPU
		{F9803443-3ED7-4FB4-B758-5D3419983163}.Debug|Mixed Platforms.ActiveCfg = Debug|Any CPU
		{F9803443-3ED7-4FB4-B758-5D3419983163}.Debug|Mixed Platforms.Build.0 = Debug|Any CPU
		{F9803443-3ED7-4FB4-B758-5D3419983163}.Debug|x86.ActiveCfg = Debug|Any CPU
		{F9803443-3ED7-4FB4-B758-5D3419983163}.Release|Any CPU.ActiveCfg = Release|Any CPU
		{F9803443-3ED7-4FB4-B758-5D3419983163}.Release|Any CPU.Build.0 = Release|Any CPU
		{F9803443-3ED7-4FB4-B758-5D3419983163}.Release|Mixed Platforms.ActiveCfg = Release|Any CPU
		{F9803443-3ED7-4FB4-B758-5D3419983163}.Release|Mixed Platforms.Build.0 = Release|Any CPU
		{F9803443-3ED7-4FB4-B758-5D3419983163}.Release|x86.ActiveCfg = Release|Any CPU
		{9CDF027D-56BF-47E2-ACCC-83D5C7530099}.Debug|Any CPU.ActiveCfg = Debug|Any CPU
		{9CDF027D-56BF-47E2-ACCC-83D5C7530099}.Debug|Any CPU.Build.0 = Debug|Any CPU
		{9CDF027D-56BF-47E2-ACCC-83D5C7530099}.Debug|Mixed Platforms.ActiveCfg = Debug|Any CPU
		{9CDF027D-56BF-47E2-ACCC-83D5C7530099}.Debug|Mixed Platforms.Build.0 = Debug|Any CPU
		{9CDF027D-56BF-47E2-ACCC-83D5C7530099}.Debug|x86.ActiveCfg = Debug|Any CPU
		{9CDF027D-56BF-47E2-ACCC-83D5C7530099}.Release|Any CPU.ActiveCfg = Release|Any CPU
		{9CDF027D-56BF-47E2-ACCC-83D5C7530099}.Release|Any CPU.Build.0 = Release|Any CPU
		{9CDF027D-56BF-47E2-ACCC-83D5C7530099}.Release|Mixed Platforms.ActiveCfg = Release|Any CPU
		{9CDF027D-56BF-47E2-ACCC-83D5C7530099}.Release|Mixed Platforms.Build.0 = Release|Any CPU
		{9CDF027D-56BF-47E2-ACCC-83D5C7530099}.Release|x86.ActiveCfg = Release|Any CPU
		{61B700B6-3911-4CEF-8751-7F42CA765068}.Debug|Any CPU.ActiveCfg = Debug|Any CPU
		{61B700B6-3911-4CEF-8751-7F42CA765068}.Debug|Any CPU.Build.0 = Debug|Any CPU
		{61B700B6-3911-4CEF-8751-7F42CA765068}.Debug|Mixed Platforms.ActiveCfg = Debug|Any CPU
		{61B700B6-3911-4CEF-8751-7F42CA765068}.Debug|Mixed Platforms.Build.0 = Debug|Any CPU
		{61B700B6-3911-4CEF-8751-7F42CA765068}.Debug|x86.ActiveCfg = Debug|Any CPU
		{61B700B6-3911-4CEF-8751-7F42CA765068}.Release|Any CPU.ActiveCfg = Release|Any CPU
		{61B700B6-3911-4CEF-8751-7F42CA765068}.Release|Any CPU.Build.0 = Release|Any CPU
		{61B700B6-3911-4CEF-8751-7F42CA765068}.Release|Mixed Platforms.ActiveCfg = Release|Any CPU
		{61B700B6-3911-4CEF-8751-7F42CA765068}.Release|Mixed Platforms.Build.0 = Release|Any CPU
		{61B700B6-3911-4CEF-8751-7F42CA765068}.Release|x86.ActiveCfg = Release|Any CPU
		{9015E5BA-E12C-4393-9F97-88FEBBB7DD48}.Debug|Any CPU.ActiveCfg = Debug|Any CPU
		{9015E5BA-E12C-4393-9F97-88FEBBB7DD48}.Debug|Any CPU.Build.0 = Debug|Any CPU
		{9015E5BA-E12C-4393-9F97-88FEBBB7DD48}.Debug|Mixed Platforms.ActiveCfg = Debug|Any CPU
		{9015E5BA-E12C-4393-9F97-88FEBBB7DD48}.Debug|Mixed Platforms.Build.0 = Debug|Any CPU
		{9015E5BA-E12C-4393-9F97-88FEBBB7DD48}.Debug|x86.ActiveCfg = Debug|Any CPU
		{9015E5BA-E12C-4393-9F97-88FEBBB7DD48}.Release|Any CPU.ActiveCfg = Release|Any CPU
		{9015E5BA-E12C-4393-9F97-88FEBBB7DD48}.Release|Any CPU.Build.0 = Release|Any CPU
		{9015E5BA-E12C-4393-9F97-88FEBBB7DD48}.Release|Mixed Platforms.ActiveCfg = Release|Any CPU
		{9015E5BA-E12C-4393-9F97-88FEBBB7DD48}.Release|Mixed Platforms.Build.0 = Release|Any CPU
		{9015E5BA-E12C-4393-9F97-88FEBBB7DD48}.Release|x86.ActiveCfg = Release|Any CPU
		{E9C678EF-E731-41AD-8F3F-841F5E20B0F4}.Debug|Any CPU.ActiveCfg = Debug|Any CPU
		{E9C678EF-E731-41AD-8F3F-841F5E20B0F4}.Debug|Any CPU.Build.0 = Debug|Any CPU
		{E9C678EF-E731-41AD-8F3F-841F5E20B0F4}.Debug|Mixed Platforms.ActiveCfg = Debug|Any CPU
		{E9C678EF-E731-41AD-8F3F-841F5E20B0F4}.Debug|Mixed Platforms.Build.0 = Debug|Any CPU
		{E9C678EF-E731-41AD-8F3F-841F5E20B0F4}.Debug|x86.ActiveCfg = Debug|Any CPU
		{E9C678EF-E731-41AD-8F3F-841F5E20B0F4}.Release|Any CPU.ActiveCfg = Release|Any CPU
		{E9C678EF-E731-41AD-8F3F-841F5E20B0F4}.Release|Any CPU.Build.0 = Release|Any CPU
		{E9C678EF-E731-41AD-8F3F-841F5E20B0F4}.Release|Mixed Platforms.ActiveCfg = Release|Any CPU
		{E9C678EF-E731-41AD-8F3F-841F5E20B0F4}.Release|Mixed Platforms.Build.0 = Release|Any CPU
		{E9C678EF-E731-41AD-8F3F-841F5E20B0F4}.Release|x86.ActiveCfg = Release|Any CPU
	EndGlobalSection
	GlobalSection(SolutionProperties) = preSolution
		HideSolutionNode = FALSE
	EndGlobalSection
EndGlobal
